
Microsoft Visual Studio Solution File, Format Version 12.00
# Visual Studio Version 17
VisualStudioVersion = 17.8.34511.84
MinimumVisualStudioVersion = 10.0.40219.1
Project("{FAE04EC0-301F-11D3-BF4B-00C04F79EFBC}") = "icecream123", "icecream123\icecream123.csproj", "{5E6DD58C-5713-4382-8D6B-DAA5F568D4A6}"
EndProject
Global
	GlobalSection(SolutionConfigurationPlatforms) = preSolution
		Debug|Any CPU = Debug|Any CPU
		Release|Any CPU = Release|Any CPU
	EndGlobalSection
	GlobalSection(ProjectConfigurationPlatforms) = postSolution
		{5E6DD58C-5713-4382-8D6B-DAA5F568D4A6}.Debug|Any CPU.ActiveCfg = Debug|Any CPU
		{5E6DD58C-5713-4382-8D6B-DAA5F568D4A6}.Debug|Any CPU.Build.0 = Debug|Any CPU
		{5E6DD58C-5713-4382-8D6B-DAA5F568D4A6}.Release|Any CPU.ActiveCfg = Release|Any CPU
		{5E6DD58C-5713-4382-8D6B-DAA5F568D4A6}.Release|Any CPU.Build.0 = Release|Any CPU
	EndGlobalSection
	GlobalSection(SolutionProperties) = preSolution
		HideSolutionNode = FALSE
	EndGlobalSection
	GlobalSection(ExtensibilityGlobals) = postSolution
		SolutionGuid = {E744BC1A-72F7-4A14-A81D-0CCD966786A9}
	EndGlobalSection
EndGlobal
